Microsoft Visual Studio Solution File, Format Version 11.00
# Visual Studio 2010
Project("{F184B08F-C81C-45F6-A57F-5ABD9991F28F}") = "Robot", "Robot.vbproj", "{7F6C4506-C0B3-441C-8BB1-EBB9239FD65A}"
EndProject
Project("{F184B08F-C81C-45F6-A57F-5ABD9991F28F}") = "ControlRaton", "ControlRaton\ControlRaton.vbproj", "{63D37B2E-5C4B-4D4D-93DF-FCC474E2F48B}"
EndProject
Project("{F184B08F-C81C-45F6-A57F-5ABD9991F28F}") = "RobotSupport", "RobotSupport\RobotSupport.vbproj", "{4F5C745F-2D18-4E67-9053-51EB7D62B170}"
EndProject
Project("{2150E333-8FDC-42A3-9474-1A3956D46DE8}") = "Robot.vbproj", "Robot.vbproj", "{0A97EA5D-A1BB-4346-9B98-6C4BE65F31DB}"
EndProject
Project("{2150E333-8FDC-42A3-9474-1A3956D46DE8}") = "ControlRaton", "ControlRaton", "{1A5A7451-5D71-44BA-88D7-851DC6BFBBF5}"
EndProject
Project("{2150E333-8FDC-42A3-9474-1A3956D46DE8}") = "RobotSupport", "RobotSupport", "{69C4FC99-6C48-444E-B866-00B661BE566E}"
EndProject
Global
	GlobalSection(SolutionConfigurationPlatforms) = preSolution
		Debug|Mixed Platforms = Debug|Mixed Platforms
		Debug|x86 = Debug|x86
		Release|Mixed Platforms = Release|Mixed Platforms
		Release|x86 = Release|x86
	EndGlobalSection
	GlobalSection(ProjectConfigurationPlatforms) = postSolution
		{7F6C4506-C0B3-441C-8BB1-EBB9239FD65A}.Debug|Mixed Platforms.ActiveCfg = Debug|x86
		{7F6C4506-C0B3-441C-8BB1-EBB9239FD65A}.Debug|Mixed Platforms.Build.0 = Debug|x86
		{7F6C4506-C0B3-441C-8BB1-EBB9239FD65A}.Debug|x86.ActiveCfg = Debug|x86
		{7F6C4506-C0B3-441C-8BB1-EBB9239FD65A}.Debug|x86.Build.0 = Debug|x86
		{7F6C4506-C0B3-441C-8BB1-EBB9239FD65A}.Release|Mixed Platforms.ActiveCfg = Release|x86
		{7F6C4506-C0B3-441C-8BB1-EBB9239FD65A}.Release|Mixed Platforms.Build.0 = Release|x86
		{7F6C4506-C0B3-441C-8BB1-EBB9239FD65A}.Release|x86.ActiveCfg = Release|x86
		{7F6C4506-C0B3-441C-8BB1-EBB9239FD65A}.Release|x86.Build.0 = Release|x86
		{63D37B2E-5C4B-4D4D-93DF-FCC474E2F48B}.Debug|Mixed Platforms.ActiveCfg = Debug|x86
		{63D37B2E-5C4B-4D4D-93DF-FCC474E2F48B}.Debug|Mixed Platforms.Build.0 = Debug|x86
		{63D37B2E-5C4B-4D4D-93DF-FCC474E2F48B}.Debug|x86.ActiveCfg = Debug|x86
		{63D37B2E-5C4B-4D4D-93DF-FCC474E2F48B}.Debug|x86.Build.0 = Debug|x86
		{63D37B2E-5C4B-4D4D-93DF-FCC474E2F48B}.Release|Mixed Platforms.ActiveCfg = Release|x86
		{63D37B2E-5C4B-4D4D-93DF-FCC474E2F48B}.Release|Mixed Platforms.Build.0 = Release|x86
		{63D37B2E-5C4B-4D4D-93DF-FCC474E2F48B}.Release|x86.ActiveCfg = Release|x86
		{63D37B2E-5C4B-4D4D-93DF-FCC474E2F48B}.Release|x86.Build.0 = Release|x86
		{4F5C745F-2D18-4E67-9053-51EB7D62B170}.Debug|Mixed Platforms.ActiveCfg = Debug|x86
		{4F5C745F-2D18-4E67-9053-51EB7D62B170}.Debug|Mixed Platforms.Build.0 = Debug|x86
		{4F5C745F-2D18-4E67-9053-51EB7D62B170}.Debug|x86.ActiveCfg = Debug|x86
		{4F5C745F-2D18-4E67-9053-51EB7D62B170}.Debug|x86.Build.0 = Debug|x86
		{4F5C745F-2D18-4E67-9053-51EB7D62B170}.Release|Mixed Platforms.ActiveCfg = Release|x86
		{4F5C745F-2D18-4E67-9053-51EB7D62B170}.Release|Mixed Platforms.Build.0 = Release|x86
		{4F5C745F-2D18-4E67-9053-51EB7D62B170}.Release|x86.ActiveCfg = Release|x86
		{4F5C745F-2D18-4E67-9053-51EB7D62B170}.Release|x86.Build.0 = Release|x86
	EndGlobalSection
	GlobalSection(SolutionProperties) = preSolution
		HideSolutionNode = FALSE
	EndGlobalSection
	GlobalSection(NestedProjects) = preSolution
		{7F6C4506-C0B3-441C-8BB1-EBB9239FD65A} = {0A97EA5D-A1BB-4346-9B98-6C4BE65F31DB}
		{63D37B2E-5C4B-4D4D-93DF-FCC474E2F48B} = {1A5A7451-5D71-44BA-88D7-851DC6BFBBF5}
		{4F5C745F-2D18-4E67-9053-51EB7D62B170} = {69C4FC99-6C48-444E-B866-00B661BE566E}
	EndGlobalSection
EndGlobal
